
Microsoft Visual Studio Solution File, Format Version 12.00
# Visual Studio 15
VisualStudioVersion = 15.0.28307.421
MinimumVisualStudioVersion = 10.0.40219.1
Project("{FAE04EC0-301F-11D3-BF4B-00C04F79EFBC}") = "PortalDeployer", "PortalDeployer\PortalDeployer.csproj", "{2C6B9195-F052-496B-912F-70E22F107509}"
EndProject
Global
	GlobalSection(SolutionConfigurationPlatforms) = preSolution
		Debug|Any CPU = Debug|Any CPU
		Release|Any CPU = Release|Any CPU
	EndGlobalSection
	GlobalSection(ProjectConfigurationPlatforms) = postSolution
		{2C6B9195-F052-496B-912F-70E22F107509}.Debug|Any CPU.ActiveCfg = Debug|Any CPU
		{2C6B9195-F052-496B-912F-70E22F107509}.Debug|Any CPU.Build.0 = Debug|Any CPU
		{2C6B9195-F052-496B-912F-70E22F107509}.Release|Any CPU.ActiveCfg = Release|Any CPU
		{2C6B9195-F052-496B-912F-70E22F107509}.Release|Any CPU.Build.0 = Release|Any CPU
	EndGlobalSection
	GlobalSection(SolutionProperties) = preSolution
		HideSolutionNode = FALSE
	EndGlobalSection
	GlobalSection(ExtensibilityGlobals) = postSolution
		SolutionGuid = {7F1F9C46-DC9A-4BFC-BC9A-C101B79E4835}
	EndGlobalSection
EndGlobal
